{
  "nodes": {
    "nixpkgs": {
      "locked": {
        "lastModified": 1701379000,
        "narHash": "sha256-fIjDY8X9gkYJGGUaabvYreglju430unlonmErjS7qxQ=",
        "owner": "plastic-forks",
        "repo": "nixpkgs",
        "rev": "cd8890ca79d0e0b4d825eb98033773c89243e38a",
        "type": "github"
      },
      "original": {
        "owner": "plastic-forks",
        "ref": "mattpolzin/beamPackages-mixRelease-deterministic",
        "repo": "nixpkgs",
        "type": "github"
      }
    },
    "root": {
      "inputs": {
        "nixpkgs": "nixpkgs"
      }
    }
  },
  "root": "root",
  "version": 7
}
